
Microsoft Visual Studio Solution File, Format Version 12.00
# Visual Studio Express 2013 for Windows
VisualStudioVersion = 12.0.30723.0
MinimumVisualStudioVersion = 10.0.40219.1
Project("{2150E333-8FDC-42A3-9474-1A3956D46DE8}") = "Campfyre", "Campfyre", "{8198A05C-F482-4F5C-BCED-96A43EDB321C}"
EndProject
Project("{D954291E-2A0B-460D-934E-DC6B0785DB48}") = "Campfyre.Shared", "Campfyre\Campfyre.Shared\Campfyre.Shared.shproj", "{A4593A85-E88F-41A1-96C4-AF364EB5AB3F}"
EndProject
Project("{FAE04EC0-301F-11D3-BF4B-00C04F79EFBC}") = "Campfyre.Windows", "Campfyre\Campfyre.Windows\Campfyre.Windows.csproj", "{3A01E131-C91F-4B65-AADA-15B56F300F47}"
EndProject
Project("{FAE04EC0-301F-11D3-BF4B-00C04F79EFBC}") = "Campfyre.WindowsPhone", "Campfyre\Campfyre.WindowsPhone\Campfyre.WindowsPhone.csproj", "{99AAA580-1C67-423C-8BF1-8F54C0F1DC5D}"
EndProject
Global
	GlobalSection(SharedMSBuildProjectFiles) = preSolution
		Campfyre\Campfyre.Shared\Campfyre.Shared.projitems*{a4593a85-e88f-41a1-96c4-af364eb5ab3f}*SharedItemsImports = 13
		Campfyre\Campfyre.Shared\Campfyre.Shared.projitems*{3a01e131-c91f-4b65-aada-15b56f300f47}*SharedItemsImports = 4
		Campfyre\Campfyre.Shared\Campfyre.Shared.projitems*{99aaa580-1c67-423c-8bf1-8f54c0f1dc5d}*SharedItemsImports = 4
	EndGlobalSection
	GlobalSection(SolutionConfigurationPlatforms) = preSolution
		Debug|Any CPU = Debug|Any CPU
		Debug|ARM = Debug|ARM
		Debug|x64 = Debug|x64
		Debug|x86 = Debug|x86
		Release|Any CPU = Release|Any CPU
		Release|ARM = Release|ARM
		Release|x64 = Release|x64
		Release|x86 = Release|x86
	EndGlobalSection
	GlobalSection(ProjectConfigurationPlatforms) = postSolution
		{3A01E131-C91F-4B65-AADA-15B56F300F47}.Debug|Any CPU.ActiveCfg = Debug|Any CPU
		{3A01E131-C91F-4B65-AADA-15B56F300F47}.Debug|Any CPU.Build.0 = Debug|Any CPU
		{3A01E131-C91F-4B65-AADA-15B56F300F47}.Debug|Any CPU.Deploy.0 = Debug|Any CPU
		{3A01E131-C91F-4B65-AADA-15B56F300F47}.Debug|ARM.ActiveCfg = Debug|ARM
		{3A01E131-C91F-4B65-AADA-15B56F300F47}.Debug|ARM.Build.0 = Debug|ARM
		{3A01E131-C91F-4B65-AADA-15B56F300F47}.Debug|ARM.Deploy.0 = Debug|ARM
		{3A01E131-C91F-4B65-AADA-15B56F300F47}.Debug|x64.ActiveCfg = Debug|x64
		{3A01E131-C91F-4B65-AADA-15B56F300F47}.Debug|x64.Build.0 = Debug|x64
		{3A01E131-C91F-4B65-AADA-15B56F300F47}.Debug|x64.Deploy.0 = Debug|x64
		{3A01E131-C91F-4B65-AADA-15B56F300F47}.Debug|x86.ActiveCfg = Debug|x86
		{3A01E131-C91F-4B65-AADA-15B56F300F47}.Debug|x86.Build.0 = Debug|x86
		{3A01E131-C91F-4B65-AADA-15B56F300F47}.Debug|x86.Deploy.0 = Debug|x86
		{3A01E131-C91F-4B65-AADA-15B56F300F47}.Release|Any CPU.ActiveCfg = Release|Any CPU
		{3A01E131-C91F-4B65-AADA-15B56F300F47}.Release|Any CPU.Build.0 = Release|Any CPU
		{3A01E131-C91F-4B65-AADA-15B56F300F47}.Release|Any CPU.Deploy.0 = Release|Any CPU
		{3A01E131-C91F-4B65-AADA-15B56F300F47}.Release|ARM.ActiveCfg = Release|ARM
		{3A01E131-C91F-4B65-AADA-15B56F300F47}.Release|ARM.Build.0 = Release|ARM
		{3A01E131-C91F-4B65-AADA-15B56F300F47}.Release|ARM.Deploy.0 = Release|ARM
		{3A01E131-C91F-4B65-AADA-15B56F300F47}.Release|x64.ActiveCfg = Release|x64
		{3A01E131-C91F-4B65-AADA-15B56F300F47}.Release|x64.Build.0 = Release|x64
		{3A01E131-C91F-4B65-AADA-15B56F300F47}.Release|x64.Deploy.0 = Release|x64
		{3A01E131-C91F-4B65-AADA-15B56F300F47}.Release|x86.ActiveCfg = Release|x86
		{3A01E131-C91F-4B65-AADA-15B56F300F47}.Release|x86.Build.0 = Release|x86
		{3A01E131-C91F-4B65-AADA-15B56F300F47}.Release|x86.Deploy.0 = Release|x86
		{99AAA580-1C67-423C-8BF1-8F54C0F1DC5D}.Debug|Any CPU.ActiveCfg = Debug|Any CPU
		{99AAA580-1C67-423C-8BF1-8F54C0F1DC5D}.Debug|Any CPU.Build.0 = Debug|Any CPU
		{99AAA580-1C67-423C-8BF1-8F54C0F1DC5D}.Debug|Any CPU.Deploy.0 = Debug|Any CPU
		{99AAA580-1C67-423C-8BF1-8F54C0F1DC5D}.Debug|ARM.ActiveCfg = Debug|ARM
		{99AAA580-1C67-423C-8BF1-8F54C0F1DC5D}.Debug|ARM.Build.0 = Debug|ARM
		{99AAA580-1C67-423C-8BF1-8F54C0F1DC5D}.Debug|ARM.Deploy.0 = Debug|ARM
		{99AAA580-1C67-423C-8BF1-8F54C0F1DC5D}.Debug|x64.ActiveCfg = Debug|Any CPU
		{99AAA580-1C67-423C-8BF1-8F54C0F1DC5D}.Debug|x86.ActiveCfg = Debug|x86
		{99AAA580-1C67-423C-8BF1-8F54C0F1DC5D}.Debug|x86.Build.0 = Debug|x86
		{99AAA580-1C67-423C-8BF1-8F54C0F1DC5D}.Debug|x86.Deploy.0 = Debug|x86
		{99AAA580-1C67-423C-8BF1-8F54C0F1DC5D}.Release|Any CPU.ActiveCfg = Release|Any CPU
		{99AAA580-1C67-423C-8BF1-8F54C0F1DC5D}.Release|Any CPU.Build.0 = Release|Any CPU
		{99AAA580-1C67-423C-8BF1-8F54C0F1DC5D}.Release|Any CPU.Deploy.0 = Release|Any CPU
		{99AAA580-1C67-423C-8BF1-8F54C0F1DC5D}.Release|ARM.ActiveCfg = Release|ARM
		{99AAA580-1C67-423C-8BF1-8F54C0F1DC5D}.Release|ARM.Build.0 = Release|ARM
		{99AAA580-1C67-423C-8BF1-8F54C0F1DC5D}.Release|ARM.Deploy.0 = Release|ARM
		{99AAA580-1C67-423C-8BF1-8F54C0F1DC5D}.Release|x64.ActiveCfg = Release|Any CPU
		{99AAA580-1C67-423C-8BF1-8F54C0F1DC5D}.Release|x86.ActiveCfg = Release|x86
		{99AAA580-1C67-423C-8BF1-8F54C0F1DC5D}.Release|x86.Build.0 = Release|x86
		{99AAA580-1C67-423C-8BF1-8F54C0F1DC5D}.Release|x86.Deploy.0 = Release|x86
	EndGlobalSection
	GlobalSection(SolutionProperties) = preSolution
		HideSolutionNode = FALSE
	EndGlobalSection
	GlobalSection(NestedProjects) = preSolution
		{A4593A85-E88F-41A1-96C4-AF364EB5AB3F} = {8198A05C-F482-4F5C-BCED-96A43EDB321C}
		{3A01E131-C91F-4B65-AADA-15B56F300F47} = {8198A05C-F482-4F5C-BCED-96A43EDB321C}
		{99AAA580-1C67-423C-8BF1-8F54C0F1DC5D} = {8198A05C-F482-4F5C-BCED-96A43EDB321C}
	EndGlobalSection
EndGlobal
